// !$*UTF8*$!
{
	archiveVersion = 1;
	classes = {
	};
	objectVersion = 77;
	objects = {

/* Begin PBXBuildFile section */
		B81D49912CEB3B8800682453 /* HomeView.swift in Sources */ = {isa = PBXBuildFile; fileRef = B81D49902CEB3B8800682453 /* HomeView.swift */; };
		B81D49B82CEB3C5400682453 /* TabItemView.swift in Sources */ = {isa = PBXBuildFile; fileRef = B81D49B72CEB3C5400682453 /* TabItemView.swift */; };
		B86FFA862CEAE1180062BC30 /* ContentView.swift in Sources */ = {isa = PBXBuildFile; fileRef = B86FFA832CEAE1180062BC30 /* ContentView.swift */; };
		B86FFA872CEAE1180062BC30 /* MyRoomFEApp.swift in Sources */ = {isa = PBXBuildFile; fileRef = B86FFA842CEAE1180062BC30 /* MyRoomFEApp.swift */; };
		B86FFA882CEAE1180062BC30 /* Preview Assets.xcassets in Resources */ = {isa = PBXBuildFile; fileRef = B86FFA802CEAE1180062BC30 /* Preview Assets.xcassets */; };
		B86FFA892CEAE1180062BC30 /* Assets.xcassets in Resources */ = {isa = PBXBuildFile; fileRef = B86FFA822CEAE1180062BC30 /* Assets.xcassets */; };
		B86FFAB12CEAE1A10062BC30 /* HomeListView.swift in Sources */ = {isa = PBXBuildFile; fileRef = B86FFAB02CEAE1A10062BC30 /* HomeListView.swift */; };
		B86FFAB52CEAE2610062BC30 /* ItemViewModel.swift in Sources */ = {isa = PBXBuildFile; fileRef = B86FFAB42CEAE2610062BC30 /* ItemViewModel.swift */; };
		B86FFAB82CEAE27C0062BC30 /* Alamofire in Frameworks */ = {isa = PBXBuildFile; productRef = B86FFAB72CEAE27C0062BC30 /* Alamofire */; };
		B86FFABB2CEAE2B70062BC30 /* Model.swift in Sources */ = {isa = PBXBuildFile; fileRef = B86FFABA2CEAE2B70062BC30 /* Model.swift */; };
		B86FFABE2CEAE4CC0062BC30 /* Config.xcconfig in Resources */ = {isa = PBXBuildFile; fileRef = B86FFABD2CEAE4CC0062BC30 /* Config.xcconfig */; };
		B86FFAEE2CEAE9260062BC30 /* ItemListView.swift in Sources */ = {isa = PBXBuildFile; fileRef = B86FFAED2CEAE9260062BC30 /* ItemListView.swift */; };
		B86FFAF02CEB01AA0062BC30 /* RoomViewModel.swift in Sources */ = {isa = PBXBuildFile; fileRef = B86FFAEF2CEB01AA0062BC30 /* RoomViewModel.swift */; };
		B88F6A482CEB4154009E2970 /* FavListView.swift in Sources */ = {isa = PBXBuildFile; fileRef = B88F6A472CEB4154009E2970 /* FavListView.swift */; };
		B8AE17742CEB0B5A00B757B8 /* EntryView.swift in Sources */ = {isa = PBXBuildFile; fileRef = B8AE17732CEB0B5A00B757B8 /* EntryView.swift */; };
		B8AE17762CEB110200B757B8 /* AddRoomView.swift in Sources */ = {isa = PBXBuildFile; fileRef = B8AE17752CEB110200B757B8 /* AddRoomView.swift */; };
		B8AE17782CEB121500B757B8 /* AddLocationView.swift in Sources */ = {isa = PBXBuildFile; fileRef = B8AE17772CEB121500B757B8 /* AddLocationView.swift */; };
		B8AE17A72CEB192400B757B8 /* CustomTextField.swift in Sources */ = {isa = PBXBuildFile; fileRef = B8AE17A62CEB192400B757B8 /* CustomTextField.swift */; };
/* End PBXBuildFile section */

/* Begin PBXFileReference section */
		B81D49902CEB3B8800682453 /* HomeView.swift */ = {isa = PBXFileReference; lastKnownFileType = sourcecode.swift; path = HomeView.swift; sourceTree = "<group>"; };
		B81D49B72CEB3C5400682453 /* TabItemView.swift */ = {isa = PBXFileReference; lastKnownFileType = sourcecode.swift; path = TabItemView.swift; sourceTree = "<group>"; };
		B86FFA802CEAE1180062BC30 /* Preview Assets.xcassets */ = {isa = PBXFileReference; lastKnownFileType = folder.assetcatalog; path = "Preview Assets.xcassets"; sourceTree = "<group>"; };
		B86FFA822CEAE1180062BC30 /* Assets.xcassets */ = {isa = PBXFileReference; lastKnownFileType = folder.assetcatalog; path = Assets.xcassets; sourceTree = "<group>"; };
		B86FFA832CEAE1180062BC30 /* ContentView.swift */ = {isa = PBXFileReference; lastKnownFileType = sourcecode.swift; path = ContentView.swift; sourceTree = "<group>"; };
		B86FFA842CEAE1180062BC30 /* MyRoomFEApp.swift */ = {isa = PBXFileReference; lastKnownFileType = sourcecode.swift; path = MyRoomFEApp.swift; sourceTree = "<group>"; };
		B86FFAB02CEAE1A10062BC30 /* HomeListView.swift */ = {isa = PBXFileReference; lastKnownFileType = sourcecode.swift; path = HomeListView.swift; sourceTree = "<group>"; };
		B86FFAB42CEAE2610062BC30 /* ItemViewModel.swift */ = {isa = PBXFileReference; lastKnownFileType = sourcecode.swift; path = ItemViewModel.swift; sourceTree = "<group>"; };
		B86FFABA2CEAE2B70062BC30 /* Model.swift */ = {isa = PBXFileReference; lastKnownFileType = sourcecode.swift; path = Model.swift; sourceTree = "<group>"; };
		B86FFABD2CEAE4CC0062BC30 /* Config.xcconfig */ = {isa = PBXFileReference; lastKnownFileType = text.xcconfig; path = Config.xcconfig; sourceTree = "<group>"; };
		B86FFABF2CEAE5010062BC30 /* Info.plist */ = {isa = PBXFileReference; lastKnownFileType = text.plist; path = Info.plist; sourceTree = "<group>"; };
		B86FFAED2CEAE9260062BC30 /* ItemListView.swift */ = {isa = PBXFileReference; lastKnownFileType = sourcecode.swift; path = ItemListView.swift; sourceTree = "<group>"; };
		B86FFAEF2CEB01AA0062BC30 /* RoomViewModel.swift */ = {isa = PBXFileReference; lastKnownFileType = sourcecode.swift; path = RoomViewModel.swift; sourceTree = "<group>"; };
		B88F6A472CEB4154009E2970 /* FavListView.swift */ = {isa = PBXFileReference; lastKnownFileType = sourcecode.swift; path = FavListView.swift; sourceTree = "<group>"; };
		B89A1B552CE5D432001AA7AE /* MyRoomFE.app */ = {isa = PBXFileReference; explicitFileType = wrapper.application; includeInIndex = 0; path = MyRoomFE.app; sourceTree = BUILT_PRODUCTS_DIR; };
		B8AE17732CEB0B5A00B757B8 /* EntryView.swift */ = {isa = PBXFileReference; lastKnownFileType = sourcecode.swift; path = EntryView.swift; sourceTree = "<group>"; };
		B8AE17752CEB110200B757B8 /* AddRoomView.swift */ = {isa = PBXFileReference; lastKnownFileType = sourcecode.swift; path = AddRoomView.swift; sourceTree = "<group>"; };
		B8AE17772CEB121500B757B8 /* AddLocationView.swift */ = {isa = PBXFileReference; lastKnownFileType = sourcecode.swift; path = AddLocationView.swift; sourceTree = "<group>"; };
		B8AE17A62CEB192400B757B8 /* CustomTextField.swift */ = {isa = PBXFileReference; lastKnownFileType = sourcecode.swift; path = CustomTextField.swift; sourceTree = "<group>"; };
/* End PBXFileReference section */

/* Begin PBXFrameworksBuildPhase section */
		B89A1B522CE5D432001AA7AE /* Frameworks */ = {
			isa = PBXFrameworksBuildPhase;
			buildActionMask = 2147483647;
			files = (
				B86FFAB82CEAE27C0062BC30 /* Alamofire in Frameworks */,
			);
			runOnlyForDeploymentPostprocessing = 0;
		};
/* End PBXFrameworksBuildPhase section */

/* Begin PBXGroup section */
		B86FFA812CEAE1180062BC30 /* Preview Content */ = {
			isa = PBXGroup;
			children = (
				B86FFA802CEAE1180062BC30 /* Preview Assets.xcassets */,
			);
			path = "Preview Content";
			sourceTree = "<group>";
		};
		B86FFA852CEAE1180062BC30 /* MyRoomFE */ = {
			isa = PBXGroup;
			children = (
				B86FFABF2CEAE5010062BC30 /* Info.plist */,
				B86FFAB92CEAE2A80062BC30 /* Model */,
				B86FFAB32CEAE2510062BC30 /* ViewModel */,
				B86FFA8A2CEAE11C0062BC30 /* View */,
				B86FFA812CEAE1180062BC30 /* Preview Content */,
				B86FFA822CEAE1180062BC30 /* Assets.xcassets */,
				B86FFA832CEAE1180062BC30 /* ContentView.swift */,
				B86FFABD2CEAE4CC0062BC30 /* Config.xcconfig */,
				B86FFA842CEAE1180062BC30 /* MyRoomFEApp.swift */,
				B8AE17732CEB0B5A00B757B8 /* EntryView.swift */,
			);
			path = MyRoomFE;
			sourceTree = "<group>";
		};
		B86FFA8A2CEAE11C0062BC30 /* View */ = {
			isa = PBXGroup;
			children = (
				B86FFAB02CEAE1A10062BC30 /* HomeListView.swift */,
				B81D49902CEB3B8800682453 /* HomeView.swift */,
				B88F6A472CEB4154009E2970 /* FavListView.swift */,
				B81D49B72CEB3C5400682453 /* TabItemView.swift */,
				B8AE17752CEB110200B757B8 /* AddRoomView.swift */,
				B8AE17772CEB121500B757B8 /* AddLocationView.swift */,
				B86FFAED2CEAE9260062BC30 /* ItemListView.swift */,
			);
			path = View;
			sourceTree = "<group>";
		};
		B86FFAB32CEAE2510062BC30 /* ViewModel */ = {
			isa = PBXGroup;
			children = (
				B86FFAB42CEAE2610062BC30 /* ItemViewModel.swift */,
				B86FFAEF2CEB01AA0062BC30 /* RoomViewModel.swift */,
				B8AE17A62CEB192400B757B8 /* CustomTextField.swift */,
			);
			path = ViewModel;
			sourceTree = "<group>";
		};
		B86FFAB92CEAE2A80062BC30 /* Model */ = {
			isa = PBXGroup;
			children = (
				B86FFABA2CEAE2B70062BC30 /* Model.swift */,
			);
			path = Model;
			sourceTree = "<group>";
		};
		B89A1B4C2CE5D432001AA7AE = {
			isa = PBXGroup;
			children = (
				B86FFA852CEAE1180062BC30 /* MyRoomFE */,
				B89A1B562CE5D432001AA7AE /* Products */,
			);
			sourceTree = "<group>";
		};
		B89A1B562CE5D432001AA7AE /* Products */ = {
			isa = PBXGroup;
			children = (
				B89A1B552CE5D432001AA7AE /* MyRoomFE.app */,
			);
			name = Products;
			sourceTree = "<group>";
		};
/* End PBXGroup section */

/* Begin PBXNativeTarget section */
		B89A1B542CE5D432001AA7AE /* MyRoomFE */ = {
			isa = PBXNativeTarget;
			buildConfigurationList = B89A1B632CE5D432001AA7AE /* Build configuration list for PBXNativeTarget "MyRoomFE" */;
			buildPhases = (
				B89A1B512CE5D432001AA7AE /* Sources */,
				B89A1B522CE5D432001AA7AE /* Frameworks */,
				B89A1B532CE5D432001AA7AE /* Resources */,
			);
			buildRules = (
			);
			dependencies = (
			);
			name = MyRoomFE;
			packageProductDependencies = (
				B86FFAB72CEAE27C0062BC30 /* Alamofire */,
			);
			productName = MyRoomFE;
			productReference = B89A1B552CE5D432001AA7AE /* MyRoomFE.app */;
			productType = "com.apple.product-type.application";
		};
/* End PBXNativeTarget section */

/* Begin PBXProject section */
		B89A1B4D2CE5D432001AA7AE /* Project object */ = {
			isa = PBXProject;
			attributes = {
				BuildIndependentTargetsInParallel = 1;
				LastSwiftUpdateCheck = 1600;
				LastUpgradeCheck = 1600;
				TargetAttributes = {
					B89A1B542CE5D432001AA7AE = {
						CreatedOnToolsVersion = 16.0;
					};
				};
			};
			buildConfigurationList = B89A1B502CE5D432001AA7AE /* Build configuration list for PBXProject "MyRoomFE" */;
			developmentRegion = en;
			hasScannedForEncodings = 0;
			knownRegions = (
				en,
				Base,
			);
			mainGroup = B89A1B4C2CE5D432001AA7AE;
			minimizedProjectReferenceProxies = 1;
			packageReferences = (
				B86FFAB62CEAE27C0062BC30 /* XCRemoteSwiftPackageReference "Alamofire" */,
			);
			preferredProjectObjectVersion = 77;
			productRefGroup = B89A1B562CE5D432001AA7AE /* Products */;
			projectDirPath = "";
			projectRoot = "";
			targets = (
				B89A1B542CE5D432001AA7AE /* MyRoomFE */,
			);
		};
/* End PBXProject section */

/* Begin PBXResourcesBuildPhase section */
		B89A1B532CE5D432001AA7AE /* Resources */ = {
			isa = PBXResourcesBuildPhase;
			buildActionMask = 2147483647;
			files = (
				B86FFA882CEAE1180062BC30 /* Preview Assets.xcassets in Resources */,
				B86FFABE2CEAE4CC0062BC30 /* Config.xcconfig in Resources */,
				B86FFA892CEAE1180062BC30 /* Assets.xcassets in Resources */,
			);
			runOnlyForDeploymentPostprocessing = 0;
		};
/* End PBXResourcesBuildPhase section */

/* Begin PBXSourcesBuildPhase section */
		B89A1B512CE5D432001AA7AE /* Sources */ = {
			isa = PBXSourcesBuildPhase;
			buildActionMask = 2147483647;
			files = (
				B8AE17742CEB0B5A00B757B8 /* EntryView.swift in Sources */,
				B8AE17A72CEB192400B757B8 /* CustomTextField.swift in Sources */,
				B86FFABB2CEAE2B70062BC30 /* Model.swift in Sources */,
				B86FFAEE2CEAE9260062BC30 /* ItemListView.swift in Sources */,
				B86FFAB12CEAE1A10062BC30 /* HomeListView.swift in Sources */,
				B86FFAB52CEAE2610062BC30 /* ItemViewModel.swift in Sources */,
				B86FFA862CEAE1180062BC30 /* ContentView.swift in Sources */,
				B86FFAF02CEB01AA0062BC30 /* RoomViewModel.swift in Sources */,
				B8AE17782CEB121500B757B8 /* AddLocationView.swift in Sources */,
				B81D49912CEB3B8800682453 /* HomeView.swift in Sources */,
				B88F6A482CEB4154009E2970 /* FavListView.swift in Sources */,
				B86FFA872CEAE1180062BC30 /* MyRoomFEApp.swift in Sources */,
				B8AE17762CEB110200B757B8 /* AddRoomView.swift in Sources */,
				B81D49B82CEB3C5400682453 /* TabItemView.swift in Sources */,
			);
			runOnlyForDeploymentPostprocessing = 0;
		};
/* End PBXSourcesBuildPhase section */

/* Begin XCBuildConfiguration section */
		B89A1B612CE5D432001AA7AE /* Debug */ = {
			isa = XCBuildConfiguration;
			baseConfigurationReference = B86FFABD2CEAE4CC0062BC30 /* Config.xcconfig */;
			buildSettings = {
				ALWAYS_SEARCH_USER_PATHS = NO;
				ASSETCATALOG_COMPILER_GENERATE_SWIFT_ASSET_SYMBOL_EXTENSIONS = YES;
				CLANG_ANALYZER_NONNULL = YES;
				CLANG_ANALYZER_NUMBER_OBJECT_CONVERSION = YES_AGGRESSIVE;
				CLANG_CXX_LANGUAGE_STANDARD = "gnu++20";
				CLANG_ENABLE_MODULES = YES;
				CLANG_ENABLE_OBJC_ARC = YES;
				CLANG_ENABLE_OBJC_WEAK = YES;
				CLANG_WARN_BLOCK_CAPTURE_AUTORELEASING = YES;
				CLANG_WARN_BOOL_CONVERSION = YES;
				CLANG_WARN_COMMA = YES;
				CLANG_WARN_CONSTANT_CONVERSION = YES;
				CLANG_WARN_DEPRECATED_OBJC_IMPLEMENTATIONS = YES;
				CLANG_WARN_DIRECT_OBJC_ISA_USAGE = YES_ERROR;
				CLANG_WARN_DOCUMENTATION_COMMENTS = YES;
				CLANG_WARN_EMPTY_BODY = YES;
				CLANG_WARN_ENUM_CONVERSION = YES;
				CLANG_WARN_INFINITE_RECURSION = YES;
				CLANG_WARN_INT_CONVERSION = YES;
				CLANG_WARN_NON_LITERAL_NULL_CONVERSION = YES;
				CLANG_WARN_OBJC_IMPLICIT_RETAIN_SELF = YES;
				CLANG_WARN_OBJC_LITERAL_CONVERSION = YES;
				CLANG_WARN_OBJC_ROOT_CLASS = YES_ERROR;
				CLANG_WARN_QUOTED_INCLUDE_IN_FRAMEWORK_HEADER = YES;
				CLANG_WARN_RANGE_LOOP_ANALYSIS = YES;
				CLANG_WARN_STRICT_PROTOTYPES = YES;
				CLANG_WARN_SUSPICIOUS_MOVE = YES;
				CLANG_WARN_UNGUARDED_AVAILABILITY = YES_AGGRESSIVE;
				CLANG_WARN_UNREACHABLE_CODE = YES;
				CLANG_WARN__DUPLICATE_METHOD_MATCH = YES;
				COPY_PHASE_STRIP = NO;
				DEBUG_INFORMATION_FORMAT = dwarf;
				ENABLE_STRICT_OBJC_MSGSEND = YES;
				ENABLE_TESTABILITY = YES;
				ENABLE_USER_SCRIPT_SANDBOXING = YES;
				GCC_C_LANGUAGE_STANDARD = gnu17;
				GCC_DYNAMIC_NO_PIC = NO;
				GCC_NO_COMMON_BLOCKS = YES;
				GCC_OPTIMIZATION_LEVEL = 0;
				GCC_PREPROCESSOR_DEFINITIONS = (
					"DEBUG=1",
					"$(inherited)",
				);
				GCC_WARN_64_TO_32_BIT_CONVERSION = YES;
				GCC_WARN_ABOUT_RETURN_TYPE = YES_ERROR;
				GCC_WARN_UNDECLARED_SELECTOR = YES;
				GCC_WARN_UNINITIALIZED_AUTOS = YES_AGGRESSIVE;
				GCC_WARN_UNUSED_FUNCTION = YES;
				GCC_WARN_UNUSED_VARIABLE = YES;
				IPHONEOS_DEPLOYMENT_TARGET = 18.0;
				LOCALIZATION_PREFERS_STRING_CATALOGS = YES;
				MTL_ENABLE_DEBUG_INFO = INCLUDE_SOURCE;
				MTL_FAST_MATH = YES;
				ONLY_ACTIVE_ARCH = YES;
				SDKROOT = iphoneos;
				SWIFT_ACTIVE_COMPILATION_CONDITIONS = "DEBUG $(inherited)";
				SWIFT_OPTIMIZATION_LEVEL = "-Onone";
			};
			name = Debug;
		};
		B89A1B622CE5D432001AA7AE /* Release */ = {
			isa = XCBuildConfiguration;
			baseConfigurationReference = B86FFABD2CEAE4CC0062BC30 /* Config.xcconfig */;
			buildSettings = {
				ALWAYS_SEARCH_USER_PATHS = NO;
				ASSETCATALOG_COMPILER_GENERATE_SWIFT_ASSET_SYMBOL_EXTENSIONS = YES;
				CLANG_ANALYZER_NONNULL = YES;
				CLANG_ANALYZER_NUMBER_OBJECT_CONVERSION = YES_AGGRESSIVE;
				CLANG_CXX_LANGUAGE_STANDARD = "gnu++20";
				CLANG_ENABLE_MODULES = YES;
				CLANG_ENABLE_OBJC_ARC = YES;
				CLANG_ENABLE_OBJC_WEAK = YES;
				CLANG_WARN_BLOCK_CAPTURE_AUTORELEASING = YES;
				CLANG_WARN_BOOL_CONVERSION = YES;
				CLANG_WARN_COMMA = YES;
				CLANG_WARN_CONSTANT_CONVERSION = YES;
				CLANG_WARN_DEPRECATED_OBJC_IMPLEMENTATIONS = YES;
				CLANG_WARN_DIRECT_OBJC_ISA_USAGE = YES_ERROR;
				CLANG_WARN_DOCUMENTATION_COMMENTS = YES;
				CLANG_WARN_EMPTY_BODY = YES;
				CLANG_WARN_ENUM_CONVERSION = YES;
				CLANG_WARN_INFINITE_RECURSION = YES;
				CLANG_WARN_INT_CONVERSION = YES;
				CLANG_WARN_NON_LITERAL_NULL_CONVERSION = YES;
				CLANG_WARN_OBJC_IMPLICIT_RETAIN_SELF = YES;
				CLANG_WARN_OBJC_LITERAL_CONVERSION = YES;
				CLANG_WARN_OBJC_ROOT_CLASS = YES_ERROR;
				CLANG_WARN_QUOTED_INCLUDE_IN_FRAMEWORK_HEADER = YES;
				CLANG_WARN_RANGE_LOOP_ANALYSIS = YES;
				CLANG_WARN_STRICT_PROTOTYPES = YES;
				CLANG_WARN_SUSPICIOUS_MOVE = YES;
				CLANG_WARN_UNGUARDED_AVAILABILITY = YES_AGGRESSIVE;
				CLANG_WARN_UNREACHABLE_CODE = YES;
				CLANG_WARN__DUPLICATE_METHOD_MATCH = YES;
				COPY_PHASE_STRIP = NO;
				DEBUG_INFORMATION_FORMAT = "dwarf-with-dsym";
				ENABLE_NS_ASSERTIONS = NO;
				ENABLE_STRICT_OBJC_MSGSEND = YES;
				ENABLE_USER_SCRIPT_SANDBOXING = YES;
				GCC_C_LANGUAGE_STANDARD = gnu17;
				GCC_NO_COMMON_BLOCKS = YES;
				GCC_WARN_64_TO_32_BIT_CONVERSION = YES;
				GCC_WARN_ABOUT_RETURN_TYPE = YES_ERROR;
				GCC_WARN_UNDECLARED_SELECTOR = YES;
				GCC_WARN_UNINITIALIZED_AUTOS = YES_AGGRESSIVE;
				GCC_WARN_UNUSED_FUNCTION = YES;
				GCC_WARN_UNUSED_VARIABLE = YES;
				IPHONEOS_DEPLOYMENT_TARGET = 18.0;
				LOCALIZATION_PREFERS_STRING_CATALOGS = YES;
				MTL_ENABLE_DEBUG_INFO = NO;
				MTL_FAST_MATH = YES;
				SDKROOT = iphoneos;
				SWIFT_COMPILATION_MODE = wholemodule;
				VALIDATE_PRODUCT = YES;
			};
			name = Release;
		};
		B89A1B642CE5D432001AA7AE /* Debug */ = {
			isa = XCBuildConfiguration;
			buildSettings = {
				ASSETCATALOG_COMPILER_APPICON_NAME = AppIcon;
				ASSETCATALOG_COMPILER_GLOBAL_ACCENT_COLOR_NAME = AccentColor;
				CODE_SIGN_STYLE = Automatic;
				CURRENT_PROJECT_VERSION = 1;
				DEVELOPMENT_ASSET_PATHS = "\"MyRoomFE/Preview Content\"";
				ENABLE_PREVIEWS = YES;
				GENERATE_INFOPLIST_FILE = YES;
				INFOPLIST_FILE = MyRoomFE/Info.plist;
				INFOPLIST_KEY_LSApplicationCategoryType = "";
				INFOPLIST_KEY_UIApplicationSceneManifest_Generation = YES;
				INFOPLIST_KEY_UIApplicationSupportsIndirectInputEvents = YES;
				INFOPLIST_KEY_UILaunchScreen_Generation = YES;
				INFOPLIST_KEY_UISupportedInterfaceOrientations_iPad = "UIInterfaceOrientationPortrait UIInterfaceOrientationPortraitUpsideDown UIInterfaceOrientationLandscapeLeft UIInterfaceOrientationLandscapeRight";
				INFOPLIST_KEY_UISupportedInterfaceOrientations_iPhone = "UIInterfaceOrientationPortrait UIInterfaceOrientationLandscapeLeft UIInterfaceOrientationLandscapeRight";
				LD_RUNPATH_SEARCH_PATHS = (
					"$(inherited)",
					"@executable_path/Frameworks",
				);
				MARKETING_VERSION = 1.0;
				PRODUCT_BUNDLE_IDENTIFIER = kr.or.womanup.nambu.sjh.MyRoomFE;
				PRODUCT_NAME = "$(TARGET_NAME)";
				SWIFT_EMIT_LOC_STRINGS = YES;
				SWIFT_VERSION = 5.0;
				TARGETED_DEVICE_FAMILY = "1,2";
			};
			name = Debug;
		};
		B89A1B652CE5D432001AA7AE /* Release */ = {
			isa = XCBuildConfiguration;
			buildSettings = {
				ASSETCATALOG_COMPILER_APPICON_NAME = AppIcon;
				ASSETCATALOG_COMPILER_GLOBAL_ACCENT_COLOR_NAME = AccentColor;
				CODE_SIGN_STYLE = Automatic;
				CURRENT_PROJECT_VERSION = 1;
				DEVELOPMENT_ASSET_PATHS = "\"MyRoomFE/Preview Content\"";
				ENABLE_PREVIEWS = YES;
				GENERATE_INFOPLIST_FILE = YES;
				INFOPLIST_FILE = MyRoomFE/Info.plist;
				INFOPLIST_KEY_LSApplicationCategoryType = "";
				INFOPLIST_KEY_UIApplicationSceneManifest_Generation = YES;
				INFOPLIST_KEY_UIApplicationSupportsIndirectInputEvents = YES;
				INFOPLIST_KEY_UILaunchScreen_Generation = YES;
				INFOPLIST_KEY_UISupportedInterfaceOrientations_iPad = "UIInterfaceOrientationPortrait UIInterfaceOrientationPortraitUpsideDown UIInterfaceOrientationLandscapeLeft UIInterfaceOrientationLandscapeRight";
				INFOPLIST_KEY_UISupportedInterfaceOrientations_iPhone = "UIInterfaceOrientationPortrait UIInterfaceOrientationLandscapeLeft UIInterfaceOrientationLandscapeRight";
				LD_RUNPATH_SEARCH_PATHS = (
					"$(inherited)",
					"@executable_path/Frameworks",
				);
				MARKETING_VERSION = 1.0;
				PRODUCT_BUNDLE_IDENTIFIER = kr.or.womanup.nambu.sjh.MyRoomFE;
				PRODUCT_NAME = "$(TARGET_NAME)";
				SWIFT_EMIT_LOC_STRINGS = YES;
				SWIFT_VERSION = 5.0;
				TARGETED_DEVICE_FAMILY = "1,2";
			};
			name = Release;
		};
/* End XCBuildConfiguration section */

/* Begin XCConfigurationList section */
		B89A1B502CE5D432001AA7AE /* Build configuration list for PBXProject "MyRoomFE" */ = {
			isa = XCConfigurationList;
			buildConfigurations = (
				B89A1B612CE5D432001AA7AE /* Debug */,
				B89A1B622CE5D432001AA7AE /* Release */,
			);
			defaultConfigurationIsVisible = 0;
			defaultConfigurationName = Release;
		};
		B89A1B632CE5D432001AA7AE /* Build configuration list for PBXNativeTarget "MyRoomFE" */ = {
			isa = XCConfigurationList;
			buildConfigurations = (
				B89A1B642CE5D432001AA7AE /* Debug */,
				B89A1B652CE5D432001AA7AE /* Release */,
			);
			defaultConfigurationIsVisible = 0;
			defaultConfigurationName = Release;
		};
/* End XCConfigurationList section */

/* Begin XCRemoteSwiftPackageReference section */
		B86FFAB62CEAE27C0062BC30 /* XCRemoteSwiftPackageReference "Alamofire" */ = {
			isa = XCRemoteSwiftPackageReference;
			repositoryURL = "https://github.com/Alamofire/Alamofire.git";
			requirement = {
				kind = upToNextMajorVersion;
				minimumVersion = 5.10.1;
			};
		};
/* End XCRemoteSwiftPackageReference section */

/* Begin XCSwiftPackageProductDependency section */
		B86FFAB72CEAE27C0062BC30 /* Alamofire */ = {
			isa = XCSwiftPackageProductDependency;
			package = B86FFAB62CEAE27C0062BC30 /* XCRemoteSwiftPackageReference "Alamofire" */;
			productName = Alamofire;
		};
/* End XCSwiftPackageProductDependency section */
	};
	rootObject = B89A1B4D2CE5D432001AA7AE /* Project object */;
}
