// !$*UTF8*$!
{
	archiveVersion = 1;
	classes = {
	};
	objectVersion = 77;
	objects = {

/* Begin PBXBuildFile section */
		B1103B022CFEA97E004236B0 /* GoogleService-Info.plist in Resources */ = {isa = PBXBuildFile; fileRef = B1103B012CFEA97E004236B0 /* GoogleService-Info.plist */; };
		B1103FD02CFED87B004236B0 /* FirebaseAnalytics in Frameworks */ = {isa = PBXBuildFile; productRef = B1103FCF2CFED87B004236B0 /* FirebaseAnalytics */; };
		B1103FD22CFED87B004236B0 /* FirebaseAnalyticsOnDeviceConversion in Frameworks */ = {isa = PBXBuildFile; productRef = B1103FD12CFED87B004236B0 /* FirebaseAnalyticsOnDeviceConversion */; };
		B1103FD42CFED87B004236B0 /* FirebaseAnalyticsWithoutAdIdSupport in Frameworks */ = {isa = PBXBuildFile; productRef = B1103FD32CFED87B004236B0 /* FirebaseAnalyticsWithoutAdIdSupport */; };
		B1103FD62CFED87B004236B0 /* FirebaseAppCheck in Frameworks */ = {isa = PBXBuildFile; productRef = B1103FD52CFED87B004236B0 /* FirebaseAppCheck */; };
		B1103FD82CFED87B004236B0 /* FirebaseAppDistribution-Beta in Frameworks */ = {isa = PBXBuildFile; productRef = B1103FD72CFED87B004236B0 /* FirebaseAppDistribution-Beta */; };
		B1103FDA2CFED87B004236B0 /* FirebaseAuth in Frameworks */ = {isa = PBXBuildFile; productRef = B1103FD92CFED87B004236B0 /* FirebaseAuth */; };
		B1103FDC2CFED87B004236B0 /* FirebaseAuthCombine-Community in Frameworks */ = {isa = PBXBuildFile; productRef = B1103FDB2CFED87B004236B0 /* FirebaseAuthCombine-Community */; };
		B1103FDE2CFED87B004236B0 /* FirebaseCore in Frameworks */ = {isa = PBXBuildFile; productRef = B1103FDD2CFED87B004236B0 /* FirebaseCore */; };
		B1103FE02CFED87B004236B0 /* FirebaseCrashlytics in Frameworks */ = {isa = PBXBuildFile; productRef = B1103FDF2CFED87B004236B0 /* FirebaseCrashlytics */; };
		B1103FE22CFED87B004236B0 /* FirebaseDatabase in Frameworks */ = {isa = PBXBuildFile; productRef = B1103FE12CFED87B004236B0 /* FirebaseDatabase */; };
		B1103FE42CFED87B004236B0 /* FirebaseDynamicLinks in Frameworks */ = {isa = PBXBuildFile; productRef = B1103FE32CFED87B004236B0 /* FirebaseDynamicLinks */; };
		B1103FE62CFED87B004236B0 /* FirebaseFirestore in Frameworks */ = {isa = PBXBuildFile; productRef = B1103FE52CFED87B004236B0 /* FirebaseFirestore */; };
		B1103FE82CFED87B004236B0 /* FirebaseFirestoreCombine-Community in Frameworks */ = {isa = PBXBuildFile; productRef = B1103FE72CFED87B004236B0 /* FirebaseFirestoreCombine-Community */; };
		B1103FEA2CFED87B004236B0 /* FirebaseFunctions in Frameworks */ = {isa = PBXBuildFile; productRef = B1103FE92CFED87B004236B0 /* FirebaseFunctions */; };
		B1103FEC2CFED87B004236B0 /* FirebaseFunctionsCombine-Community in Frameworks */ = {isa = PBXBuildFile; productRef = B1103FEB2CFED87B004236B0 /* FirebaseFunctionsCombine-Community */; };
		B1103FEE2CFED87B004236B0 /* FirebaseInAppMessaging-Beta in Frameworks */ = {isa = PBXBuildFile; productRef = B1103FED2CFED87B004236B0 /* FirebaseInAppMessaging-Beta */; };
		B1103FF02CFED87B004236B0 /* FirebaseInstallations in Frameworks */ = {isa = PBXBuildFile; productRef = B1103FEF2CFED87B004236B0 /* FirebaseInstallations */; };
		B1103FF22CFED87B004236B0 /* FirebaseMLModelDownloader in Frameworks */ = {isa = PBXBuildFile; productRef = B1103FF12CFED87B004236B0 /* FirebaseMLModelDownloader */; };
		B1103FF42CFED87B004236B0 /* FirebaseMessaging in Frameworks */ = {isa = PBXBuildFile; productRef = B1103FF32CFED87B004236B0 /* FirebaseMessaging */; };
		B1103FF62CFED87B004236B0 /* FirebasePerformance in Frameworks */ = {isa = PBXBuildFile; productRef = B1103FF52CFED87B004236B0 /* FirebasePerformance */; };
		B1103FF82CFED87B004236B0 /* FirebaseRemoteConfig in Frameworks */ = {isa = PBXBuildFile; productRef = B1103FF72CFED87B004236B0 /* FirebaseRemoteConfig */; };
		B1103FFA2CFED87B004236B0 /* FirebaseStorage in Frameworks */ = {isa = PBXBuildFile; productRef = B1103FF92CFED87B004236B0 /* FirebaseStorage */; };
		B1103FFC2CFED87B004236B0 /* FirebaseStorageCombine-Community in Frameworks */ = {isa = PBXBuildFile; productRef = B1103FFB2CFED87B004236B0 /* FirebaseStorageCombine-Community */; };
		B1103FFE2CFED87B004236B0 /* FirebaseVertexAI in Frameworks */ = {isa = PBXBuildFile; productRef = B1103FFD2CFED87B004236B0 /* FirebaseVertexAI */; };
		B88C0A292CF95406007844E4 /* Alamofire in Frameworks */ = {isa = PBXBuildFile; productRef = B88C0A282CF95406007844E4 /* Alamofire */; };
		B88C0A2C2CF954F9007844E4 /* SVProgressHUD in Frameworks */ = {isa = PBXBuildFile; productRef = B88C0A2B2CF954F9007844E4 /* SVProgressHUD */; };
/* End PBXBuildFile section */

/* Begin PBXFileReference section */
		B1103B012CFEA97E004236B0 /* GoogleService-Info.plist */ = {isa = PBXFileReference; lastKnownFileType = text.plist.xml; path = "GoogleService-Info.plist"; sourceTree = "<group>"; };
		B89A1B552CE5D432001AA7AE /* MyRoomFE.app */ = {isa = PBXFileReference; explicitFileType = wrapper.application; includeInIndex = 0; path = MyRoomFE.app; sourceTree = BUILT_PRODUCTS_DIR; };
/* End PBXFileReference section */

/* Begin PBXFileSystemSynchronizedBuildFileExceptionSet section */
		B86F34292CF959390040BB33 /* Exceptions for "MyRoomFE" folder in "MyRoomFE" target */ = {
			isa = PBXFileSystemSynchronizedBuildFileExceptionSet;
			membershipExceptions = (
				Info.plist,
			);
			target = B89A1B542CE5D432001AA7AE /* MyRoomFE */;
		};
/* End PBXFileSystemSynchronizedBuildFileExceptionSet section */

/* Begin PBXFileSystemSynchronizedRootGroup section */
		B89A1B572CE5D432001AA7AE /* MyRoomFE */ = {
			isa = PBXFileSystemSynchronizedRootGroup;
			exceptions = (
				B86F34292CF959390040BB33 /* Exceptions for "MyRoomFE" folder in "MyRoomFE" target */,
			);
			path = MyRoomFE;
			sourceTree = "<group>";
		};
/* End PBXFileSystemSynchronizedRootGroup section */

/* Begin PBXFrameworksBuildPhase section */
		B89A1B522CE5D432001AA7AE /* Frameworks */ = {
			isa = PBXFrameworksBuildPhase;
			buildActionMask = 2147483647;
			files = (
				B1103FF62CFED87B004236B0 /* FirebasePerformance in Frameworks */,
				B1103FD82CFED87B004236B0 /* FirebaseAppDistribution-Beta in Frameworks */,
				B1103FEC2CFED87B004236B0 /* FirebaseFunctionsCombine-Community in Frameworks */,
				B1103FDC2CFED87B004236B0 /* FirebaseAuthCombine-Community in Frameworks */,
				B88C0A2C2CF954F9007844E4 /* SVProgressHUD in Frameworks */,
				B1103FFA2CFED87B004236B0 /* FirebaseStorage in Frameworks */,
				B1103FE82CFED87B004236B0 /* FirebaseFirestoreCombine-Community in Frameworks */,
				B1103FD42CFED87B004236B0 /* FirebaseAnalyticsWithoutAdIdSupport in Frameworks */,
				B88C0A292CF95406007844E4 /* Alamofire in Frameworks */,
				B1103FF22CFED87B004236B0 /* FirebaseMLModelDownloader in Frameworks */,
				B1103FE02CFED87B004236B0 /* FirebaseCrashlytics in Frameworks */,
				B1103FFE2CFED87B004236B0 /* FirebaseVertexAI in Frameworks */,
				B1103FF42CFED87B004236B0 /* FirebaseMessaging in Frameworks */,
				B1103FF02CFED87B004236B0 /* FirebaseInstallations in Frameworks */,
				B1103FE22CFED87B004236B0 /* FirebaseDatabase in Frameworks */,
				B1103FD02CFED87B004236B0 /* FirebaseAnalytics in Frameworks */,
				B1103FDE2CFED87B004236B0 /* FirebaseCore in Frameworks */,
				B1103FEE2CFED87B004236B0 /* FirebaseInAppMessaging-Beta in Frameworks */,
				B1103FD62CFED87B004236B0 /* FirebaseAppCheck in Frameworks */,
				B1103FEA2CFED87B004236B0 /* FirebaseFunctions in Frameworks */,
				B1103FF82CFED87B004236B0 /* FirebaseRemoteConfig in Frameworks */,
				B1103FD22CFED87B004236B0 /* FirebaseAnalyticsOnDeviceConversion in Frameworks */,
				B1103FDA2CFED87B004236B0 /* FirebaseAuth in Frameworks */,
				B1103FFC2CFED87B004236B0 /* FirebaseStorageCombine-Community in Frameworks */,
				B1103FE42CFED87B004236B0 /* FirebaseDynamicLinks in Frameworks */,
				B1103FE62CFED87B004236B0 /* FirebaseFirestore in Frameworks */,
			);
			runOnlyForDeploymentPostprocessing = 0;
		};
/* End PBXFrameworksBuildPhase section */

/* Begin PBXGroup section */
		B89A1B4C2CE5D432001AA7AE = {
			isa = PBXGroup;
			children = (
				B1103B012CFEA97E004236B0 /* GoogleService-Info.plist */,
				B89A1B572CE5D432001AA7AE /* MyRoomFE */,
				B89A1B562CE5D432001AA7AE /* Products */,
			);
			sourceTree = "<group>";
		};
		B89A1B562CE5D432001AA7AE /* Products */ = {
			isa = PBXGroup;
			children = (
				B89A1B552CE5D432001AA7AE /* MyRoomFE.app */,
			);
			name = Products;
			sourceTree = "<group>";
		};
/* End PBXGroup section */

/* Begin PBXNativeTarget section */
		B89A1B542CE5D432001AA7AE /* MyRoomFE */ = {
			isa = PBXNativeTarget;
			buildConfigurationList = B89A1B632CE5D432001AA7AE /* Build configuration list for PBXNativeTarget "MyRoomFE" */;
			buildPhases = (
				B89A1B512CE5D432001AA7AE /* Sources */,
				B89A1B522CE5D432001AA7AE /* Frameworks */,
				B89A1B532CE5D432001AA7AE /* Resources */,
			);
			buildRules = (
			);
			dependencies = (
			);
			fileSystemSynchronizedGroups = (
				B89A1B572CE5D432001AA7AE /* MyRoomFE */,
			);
			name = MyRoomFE;
			packageProductDependencies = (
				B88C0A282CF95406007844E4 /* Alamofire */,
				B88C0A2B2CF954F9007844E4 /* SVProgressHUD */,
				B1103FCF2CFED87B004236B0 /* FirebaseAnalytics */,
				B1103FD12CFED87B004236B0 /* FirebaseAnalyticsOnDeviceConversion */,
				B1103FD32CFED87B004236B0 /* FirebaseAnalyticsWithoutAdIdSupport */,
				B1103FD52CFED87B004236B0 /* FirebaseAppCheck */,
				B1103FD72CFED87B004236B0 /* FirebaseAppDistribution-Beta */,
				B1103FD92CFED87B004236B0 /* FirebaseAuth */,
				B1103FDB2CFED87B004236B0 /* FirebaseAuthCombine-Community */,
				B1103FDD2CFED87B004236B0 /* FirebaseCore */,
				B1103FDF2CFED87B004236B0 /* FirebaseCrashlytics */,
				B1103FE12CFED87B004236B0 /* FirebaseDatabase */,
				B1103FE32CFED87B004236B0 /* FirebaseDynamicLinks */,
				B1103FE52CFED87B004236B0 /* FirebaseFirestore */,
				B1103FE72CFED87B004236B0 /* FirebaseFirestoreCombine-Community */,
				B1103FE92CFED87B004236B0 /* FirebaseFunctions */,
				B1103FEB2CFED87B004236B0 /* FirebaseFunctionsCombine-Community */,
				B1103FED2CFED87B004236B0 /* FirebaseInAppMessaging-Beta */,
				B1103FEF2CFED87B004236B0 /* FirebaseInstallations */,
				B1103FF12CFED87B004236B0 /* FirebaseMLModelDownloader */,
				B1103FF32CFED87B004236B0 /* FirebaseMessaging */,
				B1103FF52CFED87B004236B0 /* FirebasePerformance */,
				B1103FF72CFED87B004236B0 /* FirebaseRemoteConfig */,
				B1103FF92CFED87B004236B0 /* FirebaseStorage */,
				B1103FFB2CFED87B004236B0 /* FirebaseStorageCombine-Community */,
				B1103FFD2CFED87B004236B0 /* FirebaseVertexAI */,
			);
			productName = MyRoomFE;
			productReference = B89A1B552CE5D432001AA7AE /* MyRoomFE.app */;
			productType = "com.apple.product-type.application";
		};
/* End PBXNativeTarget section */

/* Begin PBXProject section */
		B89A1B4D2CE5D432001AA7AE /* Project object */ = {
			isa = PBXProject;
			attributes = {
				BuildIndependentTargetsInParallel = 1;
				LastSwiftUpdateCheck = 1600;
				LastUpgradeCheck = 1600;
				TargetAttributes = {
					B89A1B542CE5D432001AA7AE = {
						CreatedOnToolsVersion = 16.0;
					};
				};
			};
			buildConfigurationList = B89A1B502CE5D432001AA7AE /* Build configuration list for PBXProject "MyRoomFE" */;
			developmentRegion = en;
			hasScannedForEncodings = 0;
			knownRegions = (
				en,
				Base,
			);
			mainGroup = B89A1B4C2CE5D432001AA7AE;
			minimizedProjectReferenceProxies = 1;
			packageReferences = (
				B88C0A272CF95406007844E4 /* XCRemoteSwiftPackageReference "Alamofire" */,
				B88C0A2A2CF954F9007844E4 /* XCRemoteSwiftPackageReference "SVProgressHUD" */,
				B1103FCE2CFED87B004236B0 /* XCRemoteSwiftPackageReference "firebase-ios-sdk" */,
			);
			preferredProjectObjectVersion = 77;
			productRefGroup = B89A1B562CE5D432001AA7AE /* Products */;
			projectDirPath = "";
			projectRoot = "";
			targets = (
				B89A1B542CE5D432001AA7AE /* MyRoomFE */,
			);
		};
/* End PBXProject section */

/* Begin PBXResourcesBuildPhase section */
		B89A1B532CE5D432001AA7AE /* Resources */ = {
			isa = PBXResourcesBuildPhase;
			buildActionMask = 2147483647;
			files = (
				B1103B022CFEA97E004236B0 /* GoogleService-Info.plist in Resources */,
			);
			runOnlyForDeploymentPostprocessing = 0;
		};
/* End PBXResourcesBuildPhase section */

/* Begin PBXSourcesBuildPhase section */
		B89A1B512CE5D432001AA7AE /* Sources */ = {
			isa = PBXSourcesBuildPhase;
			buildActionMask = 2147483647;
			files = (
			);
			runOnlyForDeploymentPostprocessing = 0;
		};
/* End PBXSourcesBuildPhase section */

/* Begin XCBuildConfiguration section */
		B89A1B612CE5D432001AA7AE /* Debug */ = {
			isa = XCBuildConfiguration;
			baseConfigurationReferenceAnchor = B89A1B572CE5D432001AA7AE /* MyRoomFE */;
			baseConfigurationReferenceRelativePath = Config.xcconfig;
			buildSettings = {
				ALWAYS_SEARCH_USER_PATHS = NO;
				ASSETCATALOG_COMPILER_GENERATE_SWIFT_ASSET_SYMBOL_EXTENSIONS = YES;
				CLANG_ANALYZER_NONNULL = YES;
				CLANG_ANALYZER_NUMBER_OBJECT_CONVERSION = YES_AGGRESSIVE;
				CLANG_CXX_LANGUAGE_STANDARD = "gnu++20";
				CLANG_ENABLE_MODULES = YES;
				CLANG_ENABLE_OBJC_ARC = YES;
				CLANG_ENABLE_OBJC_WEAK = YES;
				CLANG_WARN_BLOCK_CAPTURE_AUTORELEASING = YES;
				CLANG_WARN_BOOL_CONVERSION = YES;
				CLANG_WARN_COMMA = YES;
				CLANG_WARN_CONSTANT_CONVERSION = YES;
				CLANG_WARN_DEPRECATED_OBJC_IMPLEMENTATIONS = YES;
				CLANG_WARN_DIRECT_OBJC_ISA_USAGE = YES_ERROR;
				CLANG_WARN_DOCUMENTATION_COMMENTS = YES;
				CLANG_WARN_EMPTY_BODY = YES;
				CLANG_WARN_ENUM_CONVERSION = YES;
				CLANG_WARN_INFINITE_RECURSION = YES;
				CLANG_WARN_INT_CONVERSION = YES;
				CLANG_WARN_NON_LITERAL_NULL_CONVERSION = YES;
				CLANG_WARN_OBJC_IMPLICIT_RETAIN_SELF = YES;
				CLANG_WARN_OBJC_LITERAL_CONVERSION = YES;
				CLANG_WARN_OBJC_ROOT_CLASS = YES_ERROR;
				CLANG_WARN_QUOTED_INCLUDE_IN_FRAMEWORK_HEADER = YES;
				CLANG_WARN_RANGE_LOOP_ANALYSIS = YES;
				CLANG_WARN_STRICT_PROTOTYPES = YES;
				CLANG_WARN_SUSPICIOUS_MOVE = YES;
				CLANG_WARN_UNGUARDED_AVAILABILITY = YES_AGGRESSIVE;
				CLANG_WARN_UNREACHABLE_CODE = YES;
				CLANG_WARN__DUPLICATE_METHOD_MATCH = YES;
				COPY_PHASE_STRIP = NO;
				DEBUG_INFORMATION_FORMAT = dwarf;
				ENABLE_STRICT_OBJC_MSGSEND = YES;
				ENABLE_TESTABILITY = YES;
				ENABLE_USER_SCRIPT_SANDBOXING = YES;
				GCC_C_LANGUAGE_STANDARD = gnu17;
				GCC_DYNAMIC_NO_PIC = NO;
				GCC_NO_COMMON_BLOCKS = YES;
				GCC_OPTIMIZATION_LEVEL = 0;
				GCC_PREPROCESSOR_DEFINITIONS = (
					"DEBUG=1",
					"$(inherited)",
				);
				GCC_WARN_64_TO_32_BIT_CONVERSION = YES;
				GCC_WARN_ABOUT_RETURN_TYPE = YES_ERROR;
				GCC_WARN_UNDECLARED_SELECTOR = YES;
				GCC_WARN_UNINITIALIZED_AUTOS = YES_AGGRESSIVE;
				GCC_WARN_UNUSED_FUNCTION = YES;
				GCC_WARN_UNUSED_VARIABLE = YES;
				IPHONEOS_DEPLOYMENT_TARGET = 18.0;
				LOCALIZATION_PREFERS_STRING_CATALOGS = YES;
				MTL_ENABLE_DEBUG_INFO = INCLUDE_SOURCE;
				MTL_FAST_MATH = YES;
				ONLY_ACTIVE_ARCH = YES;
				SDKROOT = iphoneos;
				SWIFT_ACTIVE_COMPILATION_CONDITIONS = "DEBUG $(inherited)";
				SWIFT_OPTIMIZATION_LEVEL = "-Onone";
			};
			name = Debug;
		};
		B89A1B622CE5D432001AA7AE /* Release */ = {
			isa = XCBuildConfiguration;
			baseConfigurationReferenceAnchor = B89A1B572CE5D432001AA7AE /* MyRoomFE */;
			baseConfigurationReferenceRelativePath = Config.xcconfig;
			buildSettings = {
				ALWAYS_SEARCH_USER_PATHS = NO;
				ASSETCATALOG_COMPILER_GENERATE_SWIFT_ASSET_SYMBOL_EXTENSIONS = YES;
				CLANG_ANALYZER_NONNULL = YES;
				CLANG_ANALYZER_NUMBER_OBJECT_CONVERSION = YES_AGGRESSIVE;
				CLANG_CXX_LANGUAGE_STANDARD = "gnu++20";
				CLANG_ENABLE_MODULES = YES;
				CLANG_ENABLE_OBJC_ARC = YES;
				CLANG_ENABLE_OBJC_WEAK = YES;
				CLANG_WARN_BLOCK_CAPTURE_AUTORELEASING = YES;
				CLANG_WARN_BOOL_CONVERSION = YES;
				CLANG_WARN_COMMA = YES;
				CLANG_WARN_CONSTANT_CONVERSION = YES;
				CLANG_WARN_DEPRECATED_OBJC_IMPLEMENTATIONS = YES;
				CLANG_WARN_DIRECT_OBJC_ISA_USAGE = YES_ERROR;
				CLANG_WARN_DOCUMENTATION_COMMENTS = YES;
				CLANG_WARN_EMPTY_BODY = YES;
				CLANG_WARN_ENUM_CONVERSION = YES;
				CLANG_WARN_INFINITE_RECURSION = YES;
				CLANG_WARN_INT_CONVERSION = YES;
				CLANG_WARN_NON_LITERAL_NULL_CONVERSION = YES;
				CLANG_WARN_OBJC_IMPLICIT_RETAIN_SELF = YES;
				CLANG_WARN_OBJC_LITERAL_CONVERSION = YES;
				CLANG_WARN_OBJC_ROOT_CLASS = YES_ERROR;
				CLANG_WARN_QUOTED_INCLUDE_IN_FRAMEWORK_HEADER = YES;
				CLANG_WARN_RANGE_LOOP_ANALYSIS = YES;
				CLANG_WARN_STRICT_PROTOTYPES = YES;
				CLANG_WARN_SUSPICIOUS_MOVE = YES;
				CLANG_WARN_UNGUARDED_AVAILABILITY = YES_AGGRESSIVE;
				CLANG_WARN_UNREACHABLE_CODE = YES;
				CLANG_WARN__DUPLICATE_METHOD_MATCH = YES;
				COPY_PHASE_STRIP = NO;
				DEBUG_INFORMATION_FORMAT = "dwarf-with-dsym";
				ENABLE_NS_ASSERTIONS = NO;
				ENABLE_STRICT_OBJC_MSGSEND = YES;
				ENABLE_USER_SCRIPT_SANDBOXING = YES;
				GCC_C_LANGUAGE_STANDARD = gnu17;
				GCC_NO_COMMON_BLOCKS = YES;
				GCC_WARN_64_TO_32_BIT_CONVERSION = YES;
				GCC_WARN_ABOUT_RETURN_TYPE = YES_ERROR;
				GCC_WARN_UNDECLARED_SELECTOR = YES;
				GCC_WARN_UNINITIALIZED_AUTOS = YES_AGGRESSIVE;
				GCC_WARN_UNUSED_FUNCTION = YES;
				GCC_WARN_UNUSED_VARIABLE = YES;
				IPHONEOS_DEPLOYMENT_TARGET = 18.0;
				LOCALIZATION_PREFERS_STRING_CATALOGS = YES;
				MTL_ENABLE_DEBUG_INFO = NO;
				MTL_FAST_MATH = YES;
				SDKROOT = iphoneos;
				SWIFT_COMPILATION_MODE = wholemodule;
				VALIDATE_PRODUCT = YES;
			};
			name = Release;
		};
		B89A1B642CE5D432001AA7AE /* Debug */ = {
			isa = XCBuildConfiguration;
			buildSettings = {
				ASSETCATALOG_COMPILER_APPICON_NAME = AppIcon;
				ASSETCATALOG_COMPILER_GLOBAL_ACCENT_COLOR_NAME = AccentColor;
				CODE_SIGN_STYLE = Automatic;
				CURRENT_PROJECT_VERSION = 1;
				DEVELOPMENT_ASSET_PATHS = "\"MyRoomFE/Preview Content\"";
				DEVELOPMENT_TEAM = 2MYVX6PWF9;
				ENABLE_PREVIEWS = YES;
				GENERATE_INFOPLIST_FILE = YES;
				INFOPLIST_FILE = MyRoomFE/Info.plist;
				INFOPLIST_KEY_LSApplicationCategoryType = "";
				INFOPLIST_KEY_UIApplicationSceneManifest_Generation = YES;
				INFOPLIST_KEY_UIApplicationSupportsIndirectInputEvents = YES;
				INFOPLIST_KEY_UILaunchScreen_Generation = YES;
				INFOPLIST_KEY_UISupportedInterfaceOrientations_iPad = "UIInterfaceOrientationPortrait UIInterfaceOrientationPortraitUpsideDown UIInterfaceOrientationLandscapeLeft UIInterfaceOrientationLandscapeRight";
				INFOPLIST_KEY_UISupportedInterfaceOrientations_iPhone = "UIInterfaceOrientationPortrait UIInterfaceOrientationLandscapeLeft UIInterfaceOrientationLandscapeRight";
				LD_RUNPATH_SEARCH_PATHS = (
					"$(inherited)",
					"@executable_path/Frameworks",
				);
				MARKETING_VERSION = 1.0;
				PRODUCT_BUNDLE_IDENTIFIER = kr.or.womanup.nambu.sjh.MyRoomFE;
				PRODUCT_NAME = "$(TARGET_NAME)";
				SWIFT_EMIT_LOC_STRINGS = YES;
				SWIFT_VERSION = 5.0;
				TARGETED_DEVICE_FAMILY = "1,2";
			};
			name = Debug;
		};
		B89A1B652CE5D432001AA7AE /* Release */ = {
			isa = XCBuildConfiguration;
			buildSettings = {
				ASSETCATALOG_COMPILER_APPICON_NAME = AppIcon;
				ASSETCATALOG_COMPILER_GLOBAL_ACCENT_COLOR_NAME = AccentColor;
				CODE_SIGN_STYLE = Automatic;
				CURRENT_PROJECT_VERSION = 1;
				DEVELOPMENT_ASSET_PATHS = "\"MyRoomFE/Preview Content\"";
				DEVELOPMENT_TEAM = 2MYVX6PWF9;
				ENABLE_PREVIEWS = YES;
				GENERATE_INFOPLIST_FILE = YES;
				INFOPLIST_FILE = MyRoomFE/Info.plist;
				INFOPLIST_KEY_LSApplicationCategoryType = "";
				INFOPLIST_KEY_UIApplicationSceneManifest_Generation = YES;
				INFOPLIST_KEY_UIApplicationSupportsIndirectInputEvents = YES;
				INFOPLIST_KEY_UILaunchScreen_Generation = YES;
				INFOPLIST_KEY_UISupportedInterfaceOrientations_iPad = "UIInterfaceOrientationPortrait UIInterfaceOrientationPortraitUpsideDown UIInterfaceOrientationLandscapeLeft UIInterfaceOrientationLandscapeRight";
				INFOPLIST_KEY_UISupportedInterfaceOrientations_iPhone = "UIInterfaceOrientationPortrait UIInterfaceOrientationLandscapeLeft UIInterfaceOrientationLandscapeRight";
				LD_RUNPATH_SEARCH_PATHS = (
					"$(inherited)",
					"@executable_path/Frameworks",
				);
				MARKETING_VERSION = 1.0;
				PRODUCT_BUNDLE_IDENTIFIER = kr.or.womanup.nambu.sjh.MyRoomFE;
				PRODUCT_NAME = "$(TARGET_NAME)";
				SWIFT_EMIT_LOC_STRINGS = YES;
				SWIFT_VERSION = 5.0;
				TARGETED_DEVICE_FAMILY = "1,2";
			};
			name = Release;
		};
/* End XCBuildConfiguration section */

/* Begin XCConfigurationList section */
		B89A1B502CE5D432001AA7AE /* Build configuration list for PBXProject "MyRoomFE" */ = {
			isa = XCConfigurationList;
			buildConfigurations = (
				B89A1B612CE5D432001AA7AE /* Debug */,
				B89A1B622CE5D432001AA7AE /* Release */,
			);
			defaultConfigurationIsVisible = 0;
			defaultConfigurationName = Release;
		};
		B89A1B632CE5D432001AA7AE /* Build configuration list for PBXNativeTarget "MyRoomFE" */ = {
			isa = XCConfigurationList;
			buildConfigurations = (
				B89A1B642CE5D432001AA7AE /* Debug */,
				B89A1B652CE5D432001AA7AE /* Release */,
			);
			defaultConfigurationIsVisible = 0;
			defaultConfigurationName = Release;
		};
/* End XCConfigurationList section */

/* Begin XCRemoteSwiftPackageReference section */
		B1103FCE2CFED87B004236B0 /* XCRemoteSwiftPackageReference "firebase-ios-sdk" */ = {
			isa = XCRemoteSwiftPackageReference;
			repositoryURL = "https://github.com/firebase/firebase-ios-sdk";
			requirement = {
				kind = upToNextMajorVersion;
				minimumVersion = 11.5.0;
			};
		};
		B88C0A272CF95406007844E4 /* XCRemoteSwiftPackageReference "Alamofire" */ = {
			isa = XCRemoteSwiftPackageReference;
			repositoryURL = "https://github.com/Alamofire/Alamofire.git";
			requirement = {
				kind = upToNextMinorVersion;
				minimumVersion = 5.10.2;
			};
		};
		B88C0A2A2CF954F9007844E4 /* XCRemoteSwiftPackageReference "SVProgressHUD" */ = {
			isa = XCRemoteSwiftPackageReference;
			repositoryURL = "https://github.com/SVProgressHUD/SVProgressHUD.git";
			requirement = {
				kind = upToNextMinorVersion;
				minimumVersion = 2.3.1;
			};
		};
/* End XCRemoteSwiftPackageReference section */

/* Begin XCSwiftPackageProductDependency section */
		B1103FCF2CFED87B004236B0 /* FirebaseAnalytics */ = {
			isa = XCSwiftPackageProductDependency;
			package = B1103FCE2CFED87B004236B0 /* XCRemoteSwiftPackageReference "firebase-ios-sdk" */;
			productName = FirebaseAnalytics;
		};
		B1103FD12CFED87B004236B0 /* FirebaseAnalyticsOnDeviceConversion */ = {
			isa = XCSwiftPackageProductDependency;
			package = B1103FCE2CFED87B004236B0 /* XCRemoteSwiftPackageReference "firebase-ios-sdk" */;
			productName = FirebaseAnalyticsOnDeviceConversion;
		};
		B1103FD32CFED87B004236B0 /* FirebaseAnalyticsWithoutAdIdSupport */ = {
			isa = XCSwiftPackageProductDependency;
			package = B1103FCE2CFED87B004236B0 /* XCRemoteSwiftPackageReference "firebase-ios-sdk" */;
			productName = FirebaseAnalyticsWithoutAdIdSupport;
		};
		B1103FD52CFED87B004236B0 /* FirebaseAppCheck */ = {
			isa = XCSwiftPackageProductDependency;
			package = B1103FCE2CFED87B004236B0 /* XCRemoteSwiftPackageReference "firebase-ios-sdk" */;
			productName = FirebaseAppCheck;
		};
		B1103FD72CFED87B004236B0 /* FirebaseAppDistribution-Beta */ = {
			isa = XCSwiftPackageProductDependency;
			package = B1103FCE2CFED87B004236B0 /* XCRemoteSwiftPackageReference "firebase-ios-sdk" */;
			productName = "FirebaseAppDistribution-Beta";
		};
		B1103FD92CFED87B004236B0 /* FirebaseAuth */ = {
			isa = XCSwiftPackageProductDependency;
			package = B1103FCE2CFED87B004236B0 /* XCRemoteSwiftPackageReference "firebase-ios-sdk" */;
			productName = FirebaseAuth;
		};
		B1103FDB2CFED87B004236B0 /* FirebaseAuthCombine-Community */ = {
			isa = XCSwiftPackageProductDependency;
			package = B1103FCE2CFED87B004236B0 /* XCRemoteSwiftPackageReference "firebase-ios-sdk" */;
			productName = "FirebaseAuthCombine-Community";
		};
		B1103FDD2CFED87B004236B0 /* FirebaseCore */ = {
			isa = XCSwiftPackageProductDependency;
			package = B1103FCE2CFED87B004236B0 /* XCRemoteSwiftPackageReference "firebase-ios-sdk" */;
			productName = FirebaseCore;
		};
		B1103FDF2CFED87B004236B0 /* FirebaseCrashlytics */ = {
			isa = XCSwiftPackageProductDependency;
			package = B1103FCE2CFED87B004236B0 /* XCRemoteSwiftPackageReference "firebase-ios-sdk" */;
			productName = FirebaseCrashlytics;
		};
		B1103FE12CFED87B004236B0 /* FirebaseDatabase */ = {
			isa = XCSwiftPackageProductDependency;
			package = B1103FCE2CFED87B004236B0 /* XCRemoteSwiftPackageReference "firebase-ios-sdk" */;
			productName = FirebaseDatabase;
		};
		B1103FE32CFED87B004236B0 /* FirebaseDynamicLinks */ = {
			isa = XCSwiftPackageProductDependency;
			package = B1103FCE2CFED87B004236B0 /* XCRemoteSwiftPackageReference "firebase-ios-sdk" */;
			productName = FirebaseDynamicLinks;
		};
		B1103FE52CFED87B004236B0 /* FirebaseFirestore */ = {
			isa = XCSwiftPackageProductDependency;
			package = B1103FCE2CFED87B004236B0 /* XCRemoteSwiftPackageReference "firebase-ios-sdk" */;
			productName = FirebaseFirestore;
		};
		B1103FE72CFED87B004236B0 /* FirebaseFirestoreCombine-Community */ = {
			isa = XCSwiftPackageProductDependency;
			package = B1103FCE2CFED87B004236B0 /* XCRemoteSwiftPackageReference "firebase-ios-sdk" */;
			productName = "FirebaseFirestoreCombine-Community";
		};
		B1103FE92CFED87B004236B0 /* FirebaseFunctions */ = {
			isa = XCSwiftPackageProductDependency;
			package = B1103FCE2CFED87B004236B0 /* XCRemoteSwiftPackageReference "firebase-ios-sdk" */;
			productName = FirebaseFunctions;
		};
		B1103FEB2CFED87B004236B0 /* FirebaseFunctionsCombine-Community */ = {
			isa = XCSwiftPackageProductDependency;
			package = B1103FCE2CFED87B004236B0 /* XCRemoteSwiftPackageReference "firebase-ios-sdk" */;
			productName = "FirebaseFunctionsCombine-Community";
		};
		B1103FED2CFED87B004236B0 /* FirebaseInAppMessaging-Beta */ = {
			isa = XCSwiftPackageProductDependency;
			package = B1103FCE2CFED87B004236B0 /* XCRemoteSwiftPackageReference "firebase-ios-sdk" */;
			productName = "FirebaseInAppMessaging-Beta";
		};
		B1103FEF2CFED87B004236B0 /* FirebaseInstallations */ = {
			isa = XCSwiftPackageProductDependency;
			package = B1103FCE2CFED87B004236B0 /* XCRemoteSwiftPackageReference "firebase-ios-sdk" */;
			productName = FirebaseInstallations;
		};
		B1103FF12CFED87B004236B0 /* FirebaseMLModelDownloader */ = {
			isa = XCSwiftPackageProductDependency;
			package = B1103FCE2CFED87B004236B0 /* XCRemoteSwiftPackageReference "firebase-ios-sdk" */;
			productName = FirebaseMLModelDownloader;
		};
		B1103FF32CFED87B004236B0 /* FirebaseMessaging */ = {
			isa = XCSwiftPackageProductDependency;
			package = B1103FCE2CFED87B004236B0 /* XCRemoteSwiftPackageReference "firebase-ios-sdk" */;
			productName = FirebaseMessaging;
		};
		B1103FF52CFED87B004236B0 /* FirebasePerformance */ = {
			isa = XCSwiftPackageProductDependency;
			package = B1103FCE2CFED87B004236B0 /* XCRemoteSwiftPackageReference "firebase-ios-sdk" */;
			productName = FirebasePerformance;
		};
		B1103FF72CFED87B004236B0 /* FirebaseRemoteConfig */ = {
			isa = XCSwiftPackageProductDependency;
			package = B1103FCE2CFED87B004236B0 /* XCRemoteSwiftPackageReference "firebase-ios-sdk" */;
			productName = FirebaseRemoteConfig;
		};
		B1103FF92CFED87B004236B0 /* FirebaseStorage */ = {
			isa = XCSwiftPackageProductDependency;
			package = B1103FCE2CFED87B004236B0 /* XCRemoteSwiftPackageReference "firebase-ios-sdk" */;
			productName = FirebaseStorage;
		};
		B1103FFB2CFED87B004236B0 /* FirebaseStorageCombine-Community */ = {
			isa = XCSwiftPackageProductDependency;
			package = B1103FCE2CFED87B004236B0 /* XCRemoteSwiftPackageReference "firebase-ios-sdk" */;
			productName = "FirebaseStorageCombine-Community";
		};
		B1103FFD2CFED87B004236B0 /* FirebaseVertexAI */ = {
			isa = XCSwiftPackageProductDependency;
			package = B1103FCE2CFED87B004236B0 /* XCRemoteSwiftPackageReference "firebase-ios-sdk" */;
			productName = FirebaseVertexAI;
		};
		B88C0A282CF95406007844E4 /* Alamofire */ = {
			isa = XCSwiftPackageProductDependency;
			package = B88C0A272CF95406007844E4 /* XCRemoteSwiftPackageReference "Alamofire" */;
			productName = Alamofire;
		};
		B88C0A2B2CF954F9007844E4 /* SVProgressHUD */ = {
			isa = XCSwiftPackageProductDependency;
			package = B88C0A2A2CF954F9007844E4 /* XCRemoteSwiftPackageReference "SVProgressHUD" */;
			productName = SVProgressHUD;
		};
/* End XCSwiftPackageProductDependency section */
	};
	rootObject = B89A1B4D2CE5D432001AA7AE /* Project object */;
}
